
Microsoft Visual Studio Solution File, Format Version 12.00
# Visual Studio Version 16
VisualStudioVersion = 16.0.30907.101
MinimumVisualStudioVersion = 10.0.40219.1
Project("{FAE04EC0-301F-11D3-BF4B-00C04F79EFBC}") = "WindowsFormsApp1", "WindowsFormsApp1\WindowsFormsApp1.csproj", "{0C075739-7D1B-4668-BDB9-80C60E3C9212}"
EndProject
Global
	GlobalSection(SolutionConfigurationPlatforms) = preSolution
		Debug|Any CPU = Debug|Any CPU
		Release|Any CPU = Release|Any CPU
	EndGlobalSection
	GlobalSection(ProjectConfigurationPlatforms) = postSolution
		{0C075739-7D1B-4668-BDB9-80C60E3C9212}.Debug|Any CPU.ActiveCfg = Debug|Any CPU
		{0C075739-7D1B-4668-BDB9-80C60E3C9212}.Debug|Any CPU.Build.0 = Debug|Any CPU
		{0C075739-7D1B-4668-BDB9-80C60E3C9212}.Release|Any CPU.ActiveCfg = Release|Any CPU
		{0C075739-7D1B-4668-BDB9-80C60E3C9212}.Release|Any CPU.Build.0 = Release|Any CPU
	EndGlobalSection
	GlobalSection(SolutionProperties) = preSolution
		HideSolutionNode = FALSE
	EndGlobalSection
	GlobalSection(ExtensibilityGlobals) = postSolution
		SolutionGuid = {5785BF9B-BE2F-40A9-A646-6D0C101DF0A1}
	EndGlobalSection
EndGlobal
